// !$*UTF8*$!
{
	archiveVersion = 1;
	classes = {
	};
	objectVersion = 55;
	objects = {

/* Begin PBXBuildFile section */
		6619132B2872B74B004185AA /* ProfileUpdateViewController.swift in Sources */ = {isa = PBXBuildFile; fileRef = 6619132A2872B74B004185AA /* ProfileUpdateViewController.swift */; };
		6619132D2873FCDD004185AA /* PasswordCheckViewController.swift in Sources */ = {isa = PBXBuildFile; fileRef = 6619132C2873FCDD004185AA /* PasswordCheckViewController.swift */; };
		669543192865859C00584636 /* EmailLoginController.swift in Sources */ = {isa = PBXBuildFile; fileRef = 669543182865859C00584636 /* EmailLoginController.swift */; };
		6695431B28658BC400584636 /* JoinController.swift in Sources */ = {isa = PBXBuildFile; fileRef = 6695431A28658BC400584636 /* JoinController.swift */; };
		6699AE742880F90800932D85 /* TypingSearchViewController.swift in Sources */ = {isa = PBXBuildFile; fileRef = 6699AE732880F90800932D85 /* TypingSearchViewController.swift */; };
		6699AE762880F92500932D85 /* PictureSearchViewController.swift in Sources */ = {isa = PBXBuildFile; fileRef = 6699AE752880F92500932D85 /* PictureSearchViewController.swift */; };
		66A59E982877F0BB00B8EDD5 /* ApiKeys.swift in Sources */ = {isa = PBXBuildFile; fileRef = 66A59E972877F0BB00B8EDD5 /* ApiKeys.swift */; };
		66AD6E59286D7AF600D24FC6 /* MyProfileViewController.swift in Sources */ = {isa = PBXBuildFile; fileRef = 66AD6E58286D7AF600D24FC6 /* MyProfileViewController.swift */; };
		66AD6E5B286EAEB600D24FC6 /* MainViewController.swift in Sources */ = {isa = PBXBuildFile; fileRef = 66AD6E5A286EAEB600D24FC6 /* MainViewController.swift */; };
		66B10D4B286547CE00CEE1FA /* AppDelegate.swift in Sources */ = {isa = PBXBuildFile; fileRef = 66B10D4A286547CE00CEE1FA /* AppDelegate.swift */; };
		66B10D4D286547CE00CEE1FA /* SceneDelegate.swift in Sources */ = {isa = PBXBuildFile; fileRef = 66B10D4C286547CE00CEE1FA /* SceneDelegate.swift */; };
		66B10D4F286547CE00CEE1FA /* LoginViewController.swift in Sources */ = {isa = PBXBuildFile; fileRef = 66B10D4E286547CE00CEE1FA /* LoginViewController.swift */; };
		66B10D52286547CE00CEE1FA /* Main.storyboard in Resources */ = {isa = PBXBuildFile; fileRef = 66B10D50286547CE00CEE1FA /* Main.storyboard */; };
		66B10D54286547CF00CEE1FA /* Assets.xcassets in Resources */ = {isa = PBXBuildFile; fileRef = 66B10D53286547CF00CEE1FA /* Assets.xcassets */; };
		66B10D57286547CF00CEE1FA /* LaunchScreen.storyboard in Resources */ = {isa = PBXBuildFile; fileRef = 66B10D55286547CF00CEE1FA /* LaunchScreen.storyboard */; };
		66B10D6328654EE800CEE1FA /* GoogleService-Info.plist in Resources */ = {isa = PBXBuildFile; fileRef = 66B10D6228654EE800CEE1FA /* GoogleService-Info.plist */; };
		66C0C06728694806007967A0 /* profileInitController.swift in Sources */ = {isa = PBXBuildFile; fileRef = 66C0C06628694806007967A0 /* profileInitController.swift */; };
		66CFB5942876A68A00451855 /* SearchPasswordViewController.swift in Sources */ = {isa = PBXBuildFile; fileRef = 66CFB5932876A68A00451855 /* SearchPasswordViewController.swift */; };
		66D5999E287E7AE6002E2126 /* SearchPillViewController.swift in Sources */ = {isa = PBXBuildFile; fileRef = 66D5999D287E7AE6002E2126 /* SearchPillViewController.swift */; };
		66E01A04287D3AB700E2A86F /* FSCalendar in Frameworks */ = {isa = PBXBuildFile; productRef = 66E01A03287D3AB700E2A86F /* FSCalendar */; };
		66E01A07287D6C8600E2A86F /* AlramViewController.swift in Sources */ = {isa = PBXBuildFile; fileRef = 66E01A06287D6C8600E2A86F /* AlramViewController.swift */; };
		66E01A09287D6CCC00E2A86F /* AddAlramViewController.swift in Sources */ = {isa = PBXBuildFile; fileRef = 66E01A08287D6CCC00E2A86F /* AddAlramViewController.swift */; };
		66E01A0B287D718300E2A86F /* SearchEmailViewController.swift in Sources */ = {isa = PBXBuildFile; fileRef = 66E01A0A287D718300E2A86F /* SearchEmailViewController.swift */; };
		66E01A0D287D734E00E2A86F /* SearchEmailResultViewController.swift in Sources */ = {isa = PBXBuildFile; fileRef = 66E01A0C287D734E00E2A86F /* SearchEmailResultViewController.swift */; };
		66EF363E287517860013F196 /* PasswordResetViewController.swift in Sources */ = {isa = PBXBuildFile; fileRef = 66EF363D287517860013F196 /* PasswordResetViewController.swift */; };
		66EF364028752E5B0013F196 /* EmailChangeViewController.swift in Sources */ = {isa = PBXBuildFile; fileRef = 66EF363F28752E5B0013F196 /* EmailChangeViewController.swift */; };
		66EF364228752E840013F196 /* UserDeleteViewController.swift in Sources */ = {isa = PBXBuildFile; fileRef = 66EF364128752E840013F196 /* UserDeleteViewController.swift */; };
		D2FA4D15348F68B63DC64C33 /* Pods_Pill_Information.framework in Frameworks */ = {isa = PBXBuildFile; fileRef = 38B266B3AFAFF3C632C92607 /* Pods_Pill_Information.framework */; };
/* End PBXBuildFile section */

/* Begin PBXFileReference section */
		38B266B3AFAFF3C632C92607 /* Pods_Pill_Information.framework */ = {isa = PBXFileReference; explicitFileType = wrapper.framework; includeInIndex = 0; path = Pods_Pill_Information.framework; sourceTree = BUILT_PRODUCTS_DIR; };
		6619132A2872B74B004185AA /* ProfileUpdateViewController.swift */ = {isa = PBXFileReference; lastKnownFileType = sourcecode.swift; path = ProfileUpdateViewController.swift; sourceTree = "<group>"; };
		6619132C2873FCDD004185AA /* PasswordCheckViewController.swift */ = {isa = PBXFileReference; lastKnownFileType = sourcecode.swift; path = PasswordCheckViewController.swift; sourceTree = "<group>"; };
		669543182865859C00584636 /* EmailLoginController.swift */ = {isa = PBXFileReference; lastKnownFileType = sourcecode.swift; path = EmailLoginController.swift; sourceTree = "<group>"; };
		6695431A28658BC400584636 /* JoinController.swift */ = {isa = PBXFileReference; lastKnownFileType = sourcecode.swift; path = JoinController.swift; sourceTree = "<group>"; };
		6699AE732880F90800932D85 /* TypingSearchViewController.swift */ = {isa = PBXFileReference; lastKnownFileType = sourcecode.swift; path = TypingSearchViewController.swift; sourceTree = "<group>"; };
		6699AE752880F92500932D85 /* PictureSearchViewController.swift */ = {isa = PBXFileReference; lastKnownFileType = sourcecode.swift; path = PictureSearchViewController.swift; sourceTree = "<group>"; };
		669C4462286D2D520040A6C4 /* Pill_Information.entitlements */ = {isa = PBXFileReference; lastKnownFileType = text.plist.entitlements; path = Pill_Information.entitlements; sourceTree = "<group>"; };
		66A59E972877F0BB00B8EDD5 /* ApiKeys.swift */ = {isa = PBXFileReference; lastKnownFileType = sourcecode.swift; path = ApiKeys.swift; sourceTree = "<group>"; };
		66AD6E58286D7AF600D24FC6 /* MyProfileViewController.swift */ = {isa = PBXFileReference; lastKnownFileType = sourcecode.swift; path = MyProfileViewController.swift; sourceTree = "<group>"; };
		66AD6E5A286EAEB600D24FC6 /* MainViewController.swift */ = {isa = PBXFileReference; lastKnownFileType = sourcecode.swift; path = MainViewController.swift; sourceTree = "<group>"; };
		66B10D47286547CE00CEE1FA /* Pill_Information.app */ = {isa = PBXFileReference; explicitFileType = wrapper.application; includeInIndex = 0; path = Pill_Information.app; sourceTree = BUILT_PRODUCTS_DIR; };
		66B10D4A286547CE00CEE1FA /* AppDelegate.swift */ = {isa = PBXFileReference; lastKnownFileType = sourcecode.swift; path = AppDelegate.swift; sourceTree = "<group>"; };
		66B10D4C286547CE00CEE1FA /* SceneDelegate.swift */ = {isa = PBXFileReference; lastKnownFileType = sourcecode.swift; path = SceneDelegate.swift; sourceTree = "<group>"; };
		66B10D4E286547CE00CEE1FA /* LoginViewController.swift */ = {isa = PBXFileReference; lastKnownFileType = sourcecode.swift; path = LoginViewController.swift; sourceTree = "<group>"; };
		66B10D51286547CE00CEE1FA /* Base */ = {isa = PBXFileReference; lastKnownFileType = file.storyboard; name = Base; path = Base.lproj/Main.storyboard; sourceTree = "<group>"; };
		66B10D53286547CF00CEE1FA /* Assets.xcassets */ = {isa = PBXFileReference; lastKnownFileType = folder.assetcatalog; path = Assets.xcassets; sourceTree = "<group>"; };
		66B10D56286547CF00CEE1FA /* Base */ = {isa = PBXFileReference; lastKnownFileType = file.storyboard; name = Base; path = Base.lproj/LaunchScreen.storyboard; sourceTree = "<group>"; };
		66B10D58286547CF00CEE1FA /* Info.plist */ = {isa = PBXFileReference; lastKnownFileType = text.plist.xml; path = Info.plist; sourceTree = "<group>"; };
		66B10D6228654EE800CEE1FA /* GoogleService-Info.plist */ = {isa = PBXFileReference; fileEncoding = 4; lastKnownFileType = text.plist.xml; path = "GoogleService-Info.plist"; sourceTree = "<group>"; };
		66C0C06628694806007967A0 /* profileInitController.swift */ = {isa = PBXFileReference; lastKnownFileType = sourcecode.swift; path = profileInitController.swift; sourceTree = "<group>"; };
		66CFB5932876A68A00451855 /* SearchPasswordViewController.swift */ = {isa = PBXFileReference; lastKnownFileType = sourcecode.swift; path = SearchPasswordViewController.swift; sourceTree = "<group>"; };
		66D5999D287E7AE6002E2126 /* SearchPillViewController.swift */ = {isa = PBXFileReference; lastKnownFileType = sourcecode.swift; path = SearchPillViewController.swift; sourceTree = "<group>"; };
		66E01A06287D6C8600E2A86F /* AlramViewController.swift */ = {isa = PBXFileReference; lastKnownFileType = sourcecode.swift; path = AlramViewController.swift; sourceTree = "<group>"; };
		66E01A08287D6CCC00E2A86F /* AddAlramViewController.swift */ = {isa = PBXFileReference; lastKnownFileType = sourcecode.swift; path = AddAlramViewController.swift; sourceTree = "<group>"; };
		66E01A0A287D718300E2A86F /* SearchEmailViewController.swift */ = {isa = PBXFileReference; lastKnownFileType = sourcecode.swift; path = SearchEmailViewController.swift; sourceTree = "<group>"; };
		66E01A0C287D734E00E2A86F /* SearchEmailResultViewController.swift */ = {isa = PBXFileReference; lastKnownFileType = sourcecode.swift; path = SearchEmailResultViewController.swift; sourceTree = "<group>"; };
		66EF363D287517860013F196 /* PasswordResetViewController.swift */ = {isa = PBXFileReference; lastKnownFileType = sourcecode.swift; path = PasswordResetViewController.swift; sourceTree = "<group>"; };
		66EF363F28752E5B0013F196 /* EmailChangeViewController.swift */ = {isa = PBXFileReference; lastKnownFileType = sourcecode.swift; path = EmailChangeViewController.swift; sourceTree = "<group>"; };
		66EF364128752E840013F196 /* UserDeleteViewController.swift */ = {isa = PBXFileReference; lastKnownFileType = sourcecode.swift; path = UserDeleteViewController.swift; sourceTree = "<group>"; };
		E124EF16CE62D85C5CF982DA /* Pods-Pill_Information.release.xcconfig */ = {isa = PBXFileReference; includeInIndex = 1; lastKnownFileType = text.xcconfig; name = "Pods-Pill_Information.release.xcconfig"; path = "Target Support Files/Pods-Pill_Information/Pods-Pill_Information.release.xcconfig"; sourceTree = "<group>"; };
		EF72D8D604A305331C1178DC /* Pods-Pill_Information.debug.xcconfig */ = {isa = PBXFileReference; includeInIndex = 1; lastKnownFileType = text.xcconfig; name = "Pods-Pill_Information.debug.xcconfig"; path = "Target Support Files/Pods-Pill_Information/Pods-Pill_Information.debug.xcconfig"; sourceTree = "<group>"; };
/* End PBXFileReference section */

/* Begin PBXFrameworksBuildPhase section */
		66B10D44286547CE00CEE1FA /* Frameworks */ = {
			isa = PBXFrameworksBuildPhase;
			buildActionMask = 2147483647;
			files = (
				D2FA4D15348F68B63DC64C33 /* Pods_Pill_Information.framework in Frameworks */,
				66E01A04287D3AB700E2A86F /* FSCalendar in Frameworks */,
			);
			runOnlyForDeploymentPostprocessing = 0;
		};
/* End PBXFrameworksBuildPhase section */

/* Begin PBXGroup section */
		1E0FFD8AB125A8520044224F /* Frameworks */ = {
			isa = PBXGroup;
			children = (
				38B266B3AFAFF3C632C92607 /* Pods_Pill_Information.framework */,
			);
			name = Frameworks;
			sourceTree = "<group>";
		};
		4F7F0BFFBD7AC1E6BEF16D33 /* Pods */ = {
			isa = PBXGroup;
			children = (
				EF72D8D604A305331C1178DC /* Pods-Pill_Information.debug.xcconfig */,
				E124EF16CE62D85C5CF982DA /* Pods-Pill_Information.release.xcconfig */,
			);
			path = Pods;
			sourceTree = "<group>";
		};
		661913292872B72F004185AA /* Profile */ = {
			isa = PBXGroup;
			children = (
				66AD6E58286D7AF600D24FC6 /* MyProfileViewController.swift */,
				6619132A2872B74B004185AA /* ProfileUpdateViewController.swift */,
				66EF363D287517860013F196 /* PasswordResetViewController.swift */,
				66EF363F28752E5B0013F196 /* EmailChangeViewController.swift */,
				66EF364128752E840013F196 /* UserDeleteViewController.swift */,
			);
			path = Profile;
			sourceTree = "<group>";
		};
		665FAE2B286C1C8900B85A32 /* sign */ = {
			isa = PBXGroup;
			children = (
				66C0C06A2869498B007967A0 /* EmailLogin */,
				66B10D4E286547CE00CEE1FA /* LoginViewController.swift */,
			);
			path = sign;
			sourceTree = "<group>";
		};
		665FAE2C286C1C9F00B85A32 /* tab */ = {
			isa = PBXGroup;
			children = (
				66D5999C287E7AC5002E2126 /* Search */,
				66E01A05287D6C3600E2A86F /* Alram */,
				661913292872B72F004185AA /* Profile */,
				66AD6E5A286EAEB600D24FC6 /* MainViewController.swift */,
				6619132C2873FCDD004185AA /* PasswordCheckViewController.swift */,
			);
			path = tab;
			sourceTree = "<group>";
		};
		66B10D3E286547CE00CEE1FA = {
			isa = PBXGroup;
			children = (
				66B10D49286547CE00CEE1FA /* Pill_Information */,
				66B10D48286547CE00CEE1FA /* Products */,
				4F7F0BFFBD7AC1E6BEF16D33 /* Pods */,
				1E0FFD8AB125A8520044224F /* Frameworks */,
			);
			sourceTree = "<group>";
		};
		66B10D48286547CE00CEE1FA /* Products */ = {
			isa = PBXGroup;
			children = (
				66B10D47286547CE00CEE1FA /* Pill_Information.app */,
			);
			name = Products;
			sourceTree = "<group>";
		};
		66B10D49286547CE00CEE1FA /* Pill_Information */ = {
			isa = PBXGroup;
			children = (
				669C4462286D2D520040A6C4 /* Pill_Information.entitlements */,
				66C0C0682869486D007967A0 /* Controller */,
				66B10D4A286547CE00CEE1FA /* AppDelegate.swift */,
				66B10D4C286547CE00CEE1FA /* SceneDelegate.swift */,
				66B10D50286547CE00CEE1FA /* Main.storyboard */,
				66B10D53286547CF00CEE1FA /* Assets.xcassets */,
				66B10D55286547CF00CEE1FA /* LaunchScreen.storyboard */,
				66B10D58286547CF00CEE1FA /* Info.plist */,
				66B10D6228654EE800CEE1FA /* GoogleService-Info.plist */,
				66A59E972877F0BB00B8EDD5 /* ApiKeys.swift */,
			);
			path = Pill_Information;
			sourceTree = "<group>";
		};
		66C0C0682869486D007967A0 /* Controller */ = {
			isa = PBXGroup;
			children = (
				665FAE2C286C1C9F00B85A32 /* tab */,
				665FAE2B286C1C8900B85A32 /* sign */,
			);
			path = Controller;
			sourceTree = "<group>";
		};
		66C0C06A2869498B007967A0 /* EmailLogin */ = {
			isa = PBXGroup;
			children = (
				669543182865859C00584636 /* EmailLoginController.swift */,
				6695431A28658BC400584636 /* JoinController.swift */,
				66C0C06628694806007967A0 /* profileInitController.swift */,
				66CFB5932876A68A00451855 /* SearchPasswordViewController.swift */,
				66E01A0A287D718300E2A86F /* SearchEmailViewController.swift */,
				66E01A0C287D734E00E2A86F /* SearchEmailResultViewController.swift */,
			);
			path = EmailLogin;
			sourceTree = "<group>";
		};
		66D5999C287E7AC5002E2126 /* Search */ = {
			isa = PBXGroup;
			children = (
				66D5999D287E7AE6002E2126 /* SearchPillViewController.swift */,
				6699AE732880F90800932D85 /* TypingSearchViewController.swift */,
				6699AE752880F92500932D85 /* PictureSearchViewController.swift */,
			);
			path = Search;
			sourceTree = "<group>";
		};
		66E01A05287D6C3600E2A86F /* Alram */ = {
			isa = PBXGroup;
			children = (
				66E01A06287D6C8600E2A86F /* AlramViewController.swift */,
				66E01A08287D6CCC00E2A86F /* AddAlramViewController.swift */,
			);
			path = Alram;
			sourceTree = "<group>";
		};
/* End PBXGroup section */

/* Begin PBXNativeTarget section */
		66B10D46286547CE00CEE1FA /* Pill_Information */ = {
			isa = PBXNativeTarget;
			buildConfigurationList = 66B10D5B286547CF00CEE1FA /* Build configuration list for PBXNativeTarget "Pill_Information" */;
			buildPhases = (
				F7D9B927E7ADFFD004D34B1A /* [CP] Check Pods Manifest.lock */,
				66B10D43286547CE00CEE1FA /* Sources */,
				66B10D44286547CE00CEE1FA /* Frameworks */,
				66B10D45286547CE00CEE1FA /* Resources */,
				705BF6F1809C56463E05CF30 /* [CP] Embed Pods Frameworks */,
				00A773BD207565D70582114F /* [CP] Copy Pods Resources */,
			);
			buildRules = (
			);
			dependencies = (
			);
			name = Pill_Information;
			packageProductDependencies = (
				66E01A03287D3AB700E2A86F /* FSCalendar */,
			);
			productName = Pill_Information;
			productReference = 66B10D47286547CE00CEE1FA /* Pill_Information.app */;
			productType = "com.apple.product-type.application";
		};
/* End PBXNativeTarget section */

/* Begin PBXProject section */
		66B10D3F286547CE00CEE1FA /* Project object */ = {
			isa = PBXProject;
			attributes = {
				BuildIndependentTargetsInParallel = 1;
				LastSwiftUpdateCheck = 1340;
				LastUpgradeCheck = 1340;
				TargetAttributes = {
					66B10D46286547CE00CEE1FA = {
						CreatedOnToolsVersion = 13.4.1;
					};
				};
			};
			buildConfigurationList = 66B10D42286547CE00CEE1FA /* Build configuration list for PBXProject "Pill_Information" */;
			compatibilityVersion = "Xcode 13.0";
			developmentRegion = en;
			hasScannedForEncodings = 0;
			knownRegions = (
				en,
				Base,
			);
			mainGroup = 66B10D3E286547CE00CEE1FA;
			packageReferences = (
				66E01A02287D3AB600E2A86F /* XCRemoteSwiftPackageReference "FSCalendar" */,
			);
			productRefGroup = 66B10D48286547CE00CEE1FA /* Products */;
			projectDirPath = "";
			projectRoot = "";
			targets = (
				66B10D46286547CE00CEE1FA /* Pill_Information */,
			);
		};
/* End PBXProject section */

/* Begin PBXResourcesBuildPhase section */
		66B10D45286547CE00CEE1FA /* Resources */ = {
			isa = PBXResourcesBuildPhase;
			buildActionMask = 2147483647;
			files = (
				66B10D57286547CF00CEE1FA /* LaunchScreen.storyboard in Resources */,
				66B10D6328654EE800CEE1FA /* GoogleService-Info.plist in Resources */,
				66B10D54286547CF00CEE1FA /* Assets.xcassets in Resources */,
				66B10D52286547CE00CEE1FA /* Main.storyboard in Resources */,
			);
			runOnlyForDeploymentPostprocessing = 0;
		};
/* End PBXResourcesBuildPhase section */

/* Begin PBXShellScriptBuildPhase section */
		00A773BD207565D70582114F /* [CP] Copy Pods Resources */ = {
			isa = PBXShellScriptBuildPhase;
			buildActionMask = 2147483647;
			files = (
			);
			inputFileListPaths = (
				"${PODS_ROOT}/Target Support Files/Pods-Pill_Information/Pods-Pill_Information-resources-${CONFIGURATION}-input-files.xcfilelist",
			);
			name = "[CP] Copy Pods Resources";
			outputFileListPaths = (
				"${PODS_ROOT}/Target Support Files/Pods-Pill_Information/Pods-Pill_Information-resources-${CONFIGURATION}-output-files.xcfilelist",
			);
			runOnlyForDeploymentPostprocessing = 0;
			shellPath = /bin/sh;
			shellScript = "\"${PODS_ROOT}/Target Support Files/Pods-Pill_Information/Pods-Pill_Information-resources.sh\"\n";
			showEnvVarsInLog = 0;
		};
		705BF6F1809C56463E05CF30 /* [CP] Embed Pods Frameworks */ = {
			isa = PBXShellScriptBuildPhase;
			buildActionMask = 2147483647;
			files = (
			);
			inputFileListPaths = (
				"${PODS_ROOT}/Target Support Files/Pods-Pill_Information/Pods-Pill_Information-frameworks-${CONFIGURATION}-input-files.xcfilelist",
			);
			name = "[CP] Embed Pods Frameworks";
			outputFileListPaths = (
				"${PODS_ROOT}/Target Support Files/Pods-Pill_Information/Pods-Pill_Information-frameworks-${CONFIGURATION}-output-files.xcfilelist",
			);
			runOnlyForDeploymentPostprocessing = 0;
			shellPath = /bin/sh;
			shellScript = "\"${PODS_ROOT}/Target Support Files/Pods-Pill_Information/Pods-Pill_Information-frameworks.sh\"\n";
			showEnvVarsInLog = 0;
		};
		F7D9B927E7ADFFD004D34B1A /* [CP] Check Pods Manifest.lock */ = {
			isa = PBXShellScriptBuildPhase;
			buildActionMask = 2147483647;
			files = (
			);
			inputFileListPaths = (
			);
			inputPaths = (
				"${PODS_PODFILE_DIR_PATH}/Podfile.lock",
				"${PODS_ROOT}/Manifest.lock",
			);
			name = "[CP] Check Pods Manifest.lock";
			outputFileListPaths = (
			);
			outputPaths = (
				"$(DERIVED_FILE_DIR)/Pods-Pill_Information-checkManifestLockResult.txt",
			);
			runOnlyForDeploymentPostprocessing = 0;
			shellPath = /bin/sh;
			shellScript = "diff \"${PODS_PODFILE_DIR_PATH}/Podfile.lock\" \"${PODS_ROOT}/Manifest.lock\" > /dev/null\nif [ $? != 0 ] ; then\n    # print error to STDERR\n    echo \"error: The sandbox is not in sync with the Podfile.lock. Run 'pod install' or update your CocoaPods installation.\" >&2\n    exit 1\nfi\n# This output is used by Xcode 'outputs' to avoid re-running this script phase.\necho \"SUCCESS\" > \"${SCRIPT_OUTPUT_FILE_0}\"\n";
			showEnvVarsInLog = 0;
		};
/* End PBXShellScriptBuildPhase section */

/* Begin PBXSourcesBuildPhase section */
		66B10D43286547CE00CEE1FA /* Sources */ = {
			isa = PBXSourcesBuildPhase;
			buildActionMask = 2147483647;
			files = (
				66E01A07287D6C8600E2A86F /* AlramViewController.swift in Sources */,
				6699AE742880F90800932D85 /* TypingSearchViewController.swift in Sources */,
				66B10D4F286547CE00CEE1FA /* LoginViewController.swift in Sources */,
				669543192865859C00584636 /* EmailLoginController.swift in Sources */,
				66E01A0B287D718300E2A86F /* SearchEmailViewController.swift in Sources */,
				6619132D2873FCDD004185AA /* PasswordCheckViewController.swift in Sources */,
				66E01A09287D6CCC00E2A86F /* AddAlramViewController.swift in Sources */,
				66B10D4B286547CE00CEE1FA /* AppDelegate.swift in Sources */,
				66A59E982877F0BB00B8EDD5 /* ApiKeys.swift in Sources */,
				6619132B2872B74B004185AA /* ProfileUpdateViewController.swift in Sources */,
				6695431B28658BC400584636 /* JoinController.swift in Sources */,
				6699AE762880F92500932D85 /* PictureSearchViewController.swift in Sources */,
				66D5999E287E7AE6002E2126 /* SearchPillViewController.swift in Sources */,
				66B10D4D286547CE00CEE1FA /* SceneDelegate.swift in Sources */,
				66AD6E59286D7AF600D24FC6 /* MyProfileViewController.swift in Sources */,
				66CFB5942876A68A00451855 /* SearchPasswordViewController.swift in Sources */,
				66C0C06728694806007967A0 /* profileInitController.swift in Sources */,
				66EF363E287517860013F196 /* PasswordResetViewController.swift in Sources */,
				66AD6E5B286EAEB600D24FC6 /* MainViewController.swift in Sources */,
				66EF364028752E5B0013F196 /* EmailChangeViewController.swift in Sources */,
				66EF364228752E840013F196 /* UserDeleteViewController.swift in Sources */,
				66E01A0D287D734E00E2A86F /* SearchEmailResultViewController.swift in Sources */,
			);
			runOnlyForDeploymentPostprocessing = 0;
		};
/* End PBXSourcesBuildPhase section */

/* Begin PBXVariantGroup section */
		66B10D50286547CE00CEE1FA /* Main.storyboard */ = {
			isa = PBXVariantGroup;
			children = (
				66B10D51286547CE00CEE1FA /* Base */,
			);
			name = Main.storyboard;
			sourceTree = "<group>";
		};
		66B10D55286547CF00CEE1FA /* LaunchScreen.storyboard */ = {
			isa = PBXVariantGroup;
			children = (
				66B10D56286547CF00CEE1FA /* Base */,
			);
			name = LaunchScreen.storyboard;
			sourceTree = "<group>";
		};
/* End PBXVariantGroup section */

/* Begin XCBuildConfiguration section */
		66B10D59286547CF00CEE1FA /* Debug */ = {
			isa = XCBuildConfiguration;
			buildSettings = {
				ALWAYS_SEARCH_USER_PATHS = NO;
				CLANG_ANALYZER_NONNULL = YES;
				CLANG_ANALYZER_NUMBER_OBJECT_CONVERSION = YES_AGGRESSIVE;
				CLANG_CXX_LANGUAGE_STANDARD = "gnu++17";
				CLANG_ENABLE_MODULES = YES;
				CLANG_ENABLE_OBJC_ARC = YES;
				CLANG_ENABLE_OBJC_WEAK = YES;
				CLANG_WARN_BLOCK_CAPTURE_AUTORELEASING = YES;
				CLANG_WARN_BOOL_CONVERSION = YES;
				CLANG_WARN_COMMA = YES;
				CLANG_WARN_CONSTANT_CONVERSION = YES;
				CLANG_WARN_DEPRECATED_OBJC_IMPLEMENTATIONS = YES;
				CLANG_WARN_DIRECT_OBJC_ISA_USAGE = YES_ERROR;
				CLANG_WARN_DOCUMENTATION_COMMENTS = YES;
				CLANG_WARN_EMPTY_BODY = YES;
				CLANG_WARN_ENUM_CONVERSION = YES;
				CLANG_WARN_INFINITE_RECURSION = YES;
				CLANG_WARN_INT_CONVERSION = YES;
				CLANG_WARN_NON_LITERAL_NULL_CONVERSION = YES;
				CLANG_WARN_OBJC_IMPLICIT_RETAIN_SELF = YES;
				CLANG_WARN_OBJC_LITERAL_CONVERSION = YES;
				CLANG_WARN_OBJC_ROOT_CLASS = YES_ERROR;
				CLANG_WARN_QUOTED_INCLUDE_IN_FRAMEWORK_HEADER = YES;
				CLANG_WARN_RANGE_LOOP_ANALYSIS = YES;
				CLANG_WARN_STRICT_PROTOTYPES = YES;
				CLANG_WARN_SUSPICIOUS_MOVE = YES;
				CLANG_WARN_UNGUARDED_AVAILABILITY = YES_AGGRESSIVE;
				CLANG_WARN_UNREACHABLE_CODE = YES;
				CLANG_WARN__DUPLICATE_METHOD_MATCH = YES;
				COPY_PHASE_STRIP = NO;
				DEBUG_INFORMATION_FORMAT = dwarf;
				ENABLE_STRICT_OBJC_MSGSEND = YES;
				ENABLE_TESTABILITY = YES;
				GCC_C_LANGUAGE_STANDARD = gnu11;
				GCC_DYNAMIC_NO_PIC = NO;
				GCC_NO_COMMON_BLOCKS = YES;
				GCC_OPTIMIZATION_LEVEL = 0;
				GCC_PREPROCESSOR_DEFINITIONS = (
					"DEBUG=1",
					"$(inherited)",
				);
				GCC_WARN_64_TO_32_BIT_CONVERSION = YES;
				GCC_WARN_ABOUT_RETURN_TYPE = YES_ERROR;
				GCC_WARN_UNDECLARED_SELECTOR = YES;
				GCC_WARN_UNINITIALIZED_AUTOS = YES_AGGRESSIVE;
				GCC_WARN_UNUSED_FUNCTION = YES;
				GCC_WARN_UNUSED_VARIABLE = YES;
				IPHONEOS_DEPLOYMENT_TARGET = 15.5;
				MTL_ENABLE_DEBUG_INFO = INCLUDE_SOURCE;
				MTL_FAST_MATH = YES;
				ONLY_ACTIVE_ARCH = YES;
				SDKROOT = iphoneos;
				SWIFT_ACTIVE_COMPILATION_CONDITIONS = DEBUG;
				SWIFT_OPTIMIZATION_LEVEL = "-Onone";
			};
			name = Debug;
		};
		66B10D5A286547CF00CEE1FA /* Release */ = {
			isa = XCBuildConfiguration;
			buildSettings = {
				ALWAYS_SEARCH_USER_PATHS = NO;
				CLANG_ANALYZER_NONNULL = YES;
				CLANG_ANALYZER_NUMBER_OBJECT_CONVERSION = YES_AGGRESSIVE;
				CLANG_CXX_LANGUAGE_STANDARD = "gnu++17";
				CLANG_ENABLE_MODULES = YES;
				CLANG_ENABLE_OBJC_ARC = YES;
				CLANG_ENABLE_OBJC_WEAK = YES;
				CLANG_WARN_BLOCK_CAPTURE_AUTORELEASING = YES;
				CLANG_WARN_BOOL_CONVERSION = YES;
				CLANG_WARN_COMMA = YES;
				CLANG_WARN_CONSTANT_CONVERSION = YES;
				CLANG_WARN_DEPRECATED_OBJC_IMPLEMENTATIONS = YES;
				CLANG_WARN_DIRECT_OBJC_ISA_USAGE = YES_ERROR;
				CLANG_WARN_DOCUMENTATION_COMMENTS = YES;
				CLANG_WARN_EMPTY_BODY = YES;
				CLANG_WARN_ENUM_CONVERSION = YES;
				CLANG_WARN_INFINITE_RECURSION = YES;
				CLANG_WARN_INT_CONVERSION = YES;
				CLANG_WARN_NON_LITERAL_NULL_CONVERSION = YES;
				CLANG_WARN_OBJC_IMPLICIT_RETAIN_SELF = YES;
				CLANG_WARN_OBJC_LITERAL_CONVERSION = YES;
				CLANG_WARN_OBJC_ROOT_CLASS = YES_ERROR;
				CLANG_WARN_QUOTED_INCLUDE_IN_FRAMEWORK_HEADER = YES;
				CLANG_WARN_RANGE_LOOP_ANALYSIS = YES;
				CLANG_WARN_STRICT_PROTOTYPES = YES;
				CLANG_WARN_SUSPICIOUS_MOVE = YES;
				CLANG_WARN_UNGUARDED_AVAILABILITY = YES_AGGRESSIVE;
				CLANG_WARN_UNREACHABLE_CODE = YES;
				CLANG_WARN__DUPLICATE_METHOD_MATCH = YES;
				COPY_PHASE_STRIP = NO;
				DEBUG_INFORMATION_FORMAT = "dwarf-with-dsym";
				ENABLE_NS_ASSERTIONS = NO;
				ENABLE_STRICT_OBJC_MSGSEND = YES;
				GCC_C_LANGUAGE_STANDARD = gnu11;
				GCC_NO_COMMON_BLOCKS = YES;
				GCC_WARN_64_TO_32_BIT_CONVERSION = YES;
				GCC_WARN_ABOUT_RETURN_TYPE = YES_ERROR;
				GCC_WARN_UNDECLARED_SELECTOR = YES;
				GCC_WARN_UNINITIALIZED_AUTOS = YES_AGGRESSIVE;
				GCC_WARN_UNUSED_FUNCTION = YES;
				GCC_WARN_UNUSED_VARIABLE = YES;
				IPHONEOS_DEPLOYMENT_TARGET = 15.5;
				MTL_ENABLE_DEBUG_INFO = NO;
				MTL_FAST_MATH = YES;
				SDKROOT = iphoneos;
				SWIFT_COMPILATION_MODE = wholemodule;
				SWIFT_OPTIMIZATION_LEVEL = "-O";
				VALIDATE_PRODUCT = YES;
			};
			name = Release;
		};
		66B10D5C286547CF00CEE1FA /* Debug */ = {
			isa = XCBuildConfiguration;
			baseConfigurationReference = EF72D8D604A305331C1178DC /* Pods-Pill_Information.debug.xcconfig */;
			buildSettings = {
				ASSETCATALOG_COMPILER_APPICON_NAME = AppIcon;
				ASSETCATALOG_COMPILER_GLOBAL_ACCENT_COLOR_NAME = AccentColor;
				CODE_SIGN_ENTITLEMENTS = Pill_Information/Pill_Information.entitlements;
				CODE_SIGN_STYLE = Automatic;
				CURRENT_PROJECT_VERSION = 1;
				DEVELOPMENT_TEAM = VW2UR5Y845;
				GENERATE_INFOPLIST_FILE = YES;
				INFOPLIST_FILE = Pill_Information/Info.plist;
				INFOPLIST_KEY_UIApplicationSupportsIndirectInputEvents = YES;
				INFOPLIST_KEY_UILaunchStoryboardName = LaunchScreen;
				INFOPLIST_KEY_UIMainStoryboardFile = Main;
				INFOPLIST_KEY_UISupportedInterfaceOrientations_iPad = "UIInterfaceOrientationPortrait UIInterfaceOrientationPortraitUpsideDown UIInterfaceOrientationLandscapeLeft UIInterfaceOrientationLandscapeRight";
				INFOPLIST_KEY_UISupportedInterfaceOrientations_iPhone = "UIInterfaceOrientationPortrait UIInterfaceOrientationLandscapeLeft UIInterfaceOrientationLandscapeRight";
				LD_RUNPATH_SEARCH_PATHS = (
					"$(inherited)",
					"@executable_path/Frameworks",
				);
				MARKETING_VERSION = 1.0;
				PRODUCT_BUNDLE_IDENTIFIER = "junhyeok.Pill-Information";
				PRODUCT_NAME = "$(TARGET_NAME)";
				SWIFT_EMIT_LOC_STRINGS = YES;
				SWIFT_VERSION = 5.0;
				TARGETED_DEVICE_FAMILY = 1;
			};
			name = Debug;
		};
		66B10D5D286547CF00CEE1FA /* Release */ = {
			isa = XCBuildConfiguration;
			baseConfigurationReference = E124EF16CE62D85C5CF982DA /* Pods-Pill_Information.release.xcconfig */;
			buildSettings = {
				ASSETCATALOG_COMPILER_APPICON_NAME = AppIcon;
				ASSETCATALOG_COMPILER_GLOBAL_ACCENT_COLOR_NAME = AccentColor;
				CODE_SIGN_ENTITLEMENTS = Pill_Information/Pill_Information.entitlements;
				CODE_SIGN_STYLE = Automatic;
				CURRENT_PROJECT_VERSION = 1;
				DEVELOPMENT_TEAM = VW2UR5Y845;
				GENERATE_INFOPLIST_FILE = YES;
				INFOPLIST_FILE = Pill_Information/Info.plist;
				INFOPLIST_KEY_UIApplicationSupportsIndirectInputEvents = YES;
				INFOPLIST_KEY_UILaunchStoryboardName = LaunchScreen;
				INFOPLIST_KEY_UIMainStoryboardFile = Main;
				INFOPLIST_KEY_UISupportedInterfaceOrientations_iPad = "UIInterfaceOrientationPortrait UIInterfaceOrientationPortraitUpsideDown UIInterfaceOrientationLandscapeLeft UIInterfaceOrientationLandscapeRight";
				INFOPLIST_KEY_UISupportedInterfaceOrientations_iPhone = "UIInterfaceOrientationPortrait UIInterfaceOrientationLandscapeLeft UIInterfaceOrientationLandscapeRight";
				LD_RUNPATH_SEARCH_PATHS = (
					"$(inherited)",
					"@executable_path/Frameworks",
				);
				MARKETING_VERSION = 1.0;
				PRODUCT_BUNDLE_IDENTIFIER = "junhyeok.Pill-Information";
				PRODUCT_NAME = "$(TARGET_NAME)";
				SWIFT_EMIT_LOC_STRINGS = YES;
				SWIFT_VERSION = 5.0;
				TARGETED_DEVICE_FAMILY = 1;
			};
			name = Release;
		};
/* End XCBuildConfiguration section */

/* Begin XCConfigurationList section */
		66B10D42286547CE00CEE1FA /* Build configuration list for PBXProject "Pill_Information" */ = {
			isa = XCConfigurationList;
			buildConfigurations = (
				66B10D59286547CF00CEE1FA /* Debug */,
				66B10D5A286547CF00CEE1FA /* Release */,
			);
			defaultConfigurationIsVisible = 0;
			defaultConfigurationName = Release;
		};
		66B10D5B286547CF00CEE1FA /* Build configuration list for PBXNativeTarget "Pill_Information" */ = {
			isa = XCConfigurationList;
			buildConfigurations = (
				66B10D5C286547CF00CEE1FA /* Debug */,
				66B10D5D286547CF00CEE1FA /* Release */,
			);
			defaultConfigurationIsVisible = 0;
			defaultConfigurationName = Release;
		};
/* End XCConfigurationList section */

/* Begin XCRemoteSwiftPackageReference section */
		66E01A02287D3AB600E2A86F /* XCRemoteSwiftPackageReference "FSCalendar" */ = {
			isa = XCRemoteSwiftPackageReference;
			repositoryURL = "https://github.com/WenchaoD/FSCalendar";
			requirement = {
				kind = upToNextMajorVersion;
				minimumVersion = 2.0.0;
			};
		};
/* End XCRemoteSwiftPackageReference section */

/* Begin XCSwiftPackageProductDependency section */
		66E01A03287D3AB700E2A86F /* FSCalendar */ = {
			isa = XCSwiftPackageProductDependency;
			package = 66E01A02287D3AB600E2A86F /* XCRemoteSwiftPackageReference "FSCalendar" */;
			productName = FSCalendar;
		};
/* End XCSwiftPackageProductDependency section */
	};
	rootObject = 66B10D3F286547CE00CEE1FA /* Project object */;
}
